
Microsoft Visual Studio Solution File, Format Version 12.00
# Visual Studio 15
VisualStudioVersion = 15.0.28010.0
MinimumVisualStudioVersion = 10.0.40219.1
Project("{E24C65DC-7377-472B-9ABA-BC803B73C61A}") = "WebServiceAsp.net", "WebServiceAsp.net\", "{0FAA3177-2121-4D2E-8A4B-460CD49E8617}"
	ProjectSection(WebsiteProperties) = preProject
		TargetFrameworkMoniker = ".NETFramework,Version%3Dv4.5"
		Debug.AspNetCompiler.VirtualPath = "/localhost_64055"
		Debug.AspNetCompiler.PhysicalPath = "WebServiceAsp.net\"
		Debug.AspNetCompiler.TargetPath = "PrecompiledWeb\localhost_64055\"
		Debug.AspNetCompiler.Updateable = "true"
		Debug.AspNetCompiler.ForceOverwrite = "true"
		Debug.AspNetCompiler.FixedNames = "false"
		Debug.AspNetCompiler.Debug = "True"
		Release.AspNetCompiler.VirtualPath = "/localhost_64055"
		Release.AspNetCompiler.PhysicalPath = "WebServiceAsp.net\"
		Release.AspNetCompiler.TargetPath = "PrecompiledWeb\localhost_64055\"
		Release.AspNetCompiler.Updateable = "true"
		Release.AspNetCompiler.ForceOverwrite = "true"
		Release.AspNetCompiler.FixedNames = "false"
		Release.AspNetCompiler.Debug = "False"
		VWDPort = "64055"
		SlnRelativePath = "WebServiceAsp.net\"
		DefaultWebSiteLanguage = "Visual C#"
	EndProjectSection
EndProject
Project("{E24C65DC-7377-472B-9ABA-BC803B73C61A}") = "WebConsumoWS", "WebConsumoWS\", "{3F66E77A-F284-4F84-9D69-8BF736F912A1}"
	ProjectSection(WebsiteProperties) = preProject
		TargetFrameworkMoniker = ".NETFramework,Version%3Dv4.5"
		Debug.AspNetCompiler.VirtualPath = "/localhost_49885"
		Debug.AspNetCompiler.PhysicalPath = "WebConsumoWS\"
		Debug.AspNetCompiler.TargetPath = "PrecompiledWeb\localhost_49885\"
		Debug.AspNetCompiler.Updateable = "true"
		Debug.AspNetCompiler.ForceOverwrite = "true"
		Debug.AspNetCompiler.FixedNames = "false"
		Debug.AspNetCompiler.Debug = "True"
		Release.AspNetCompiler.VirtualPath = "/localhost_49885"
		Release.AspNetCompiler.PhysicalPath = "WebConsumoWS\"
		Release.AspNetCompiler.TargetPath = "PrecompiledWeb\localhost_49885\"
		Release.AspNetCompiler.Updateable = "true"
		Release.AspNetCompiler.ForceOverwrite = "true"
		Release.AspNetCompiler.FixedNames = "false"
		Release.AspNetCompiler.Debug = "False"
		VWDPort = "49885"
		SlnRelativePath = "WebConsumoWS\"
		DefaultWebSiteLanguage = "Visual Basic"
	EndProjectSection
	ProjectSection(ProjectDependencies) = postProject
		{0FAA3177-2121-4D2E-8A4B-460CD49E8617} = {0FAA3177-2121-4D2E-8A4B-460CD49E8617}
	EndProjectSection
EndProject
Global
	GlobalSection(SolutionConfigurationPlatforms) = preSolution
		Debug|Any CPU = Debug|Any CPU
	EndGlobalSection
	GlobalSection(ProjectConfigurationPlatforms) = postSolution
		{0FAA3177-2121-4D2E-8A4B-460CD49E8617}.Debug|Any CPU.ActiveCfg = Debug|Any CPU
		{0FAA3177-2121-4D2E-8A4B-460CD49E8617}.Debug|Any CPU.Build.0 = Debug|Any CPU
		{3F66E77A-F284-4F84-9D69-8BF736F912A1}.Debug|Any CPU.ActiveCfg = Debug|Any CPU
		{3F66E77A-F284-4F84-9D69-8BF736F912A1}.Debug|Any CPU.Build.0 = Debug|Any CPU
	EndGlobalSection
	GlobalSection(SolutionProperties) = preSolution
		HideSolutionNode = FALSE
	EndGlobalSection
	GlobalSection(ExtensibilityGlobals) = postSolution
		SolutionGuid = {1C859024-6099-4909-B152-581BA67C20B0}
	EndGlobalSection
EndGlobal
